
Microsoft Visual Studio Solution File, Format Version 12.00
Project("{FAE04EC0-301F-11D3-BF4B-00C04F79EFBC}") = "NdgrClientSharp", "NdgrClientSharp\NdgrClientSharp.csproj", "{3F9650EF-A7FC-4B8F-A970-7C623F5D5CDF}"
EndProject
Project("{FAE04EC0-301F-11D3-BF4B-00C04F79EFBC}") = "NdgrClientSharp.Protocol", "NdgrClientSharp.Protocol\NdgrClientSharp.Protocol.csproj", "{6EE27585-D2B6-4409-B4E4-A0F723F6B0D9}"
EndProject
Project("{FAE04EC0-301F-11D3-BF4B-00C04F79EFBC}") = "Sandbox", "Sandbox\Sandbox.csproj", "{13DD8DFB-FFC7-4A99-982C-B3905DDCE741}"
EndProject
Project("{FAE04EC0-301F-11D3-BF4B-00C04F79EFBC}") = "NdgrClientSharp.Test", "NdgrClientSharp.Test\NdgrClientSharp.Test.csproj", "{8555AA7B-746B-4F3C-B391-4FD54965535C}"
EndProject
Global
	GlobalSection(SolutionConfigurationPlatforms) = preSolution
		Debug|Any CPU = Debug|Any CPU
		Release|Any CPU = Release|Any CPU
	EndGlobalSection
	GlobalSection(ProjectConfigurationPlatforms) = postSolution
		{3F9650EF-A7FC-4B8F-A970-7C623F5D5CDF}.Debug|Any CPU.ActiveCfg = Debug|Any CPU
		{3F9650EF-A7FC-4B8F-A970-7C623F5D5CDF}.Debug|Any CPU.Build.0 = Debug|Any CPU
		{3F9650EF-A7FC-4B8F-A970-7C623F5D5CDF}.Release|Any CPU.ActiveCfg = Release|Any CPU
		{3F9650EF-A7FC-4B8F-A970-7C623F5D5CDF}.Release|Any CPU.Build.0 = Release|Any CPU
		{6EE27585-D2B6-4409-B4E4-A0F723F6B0D9}.Debug|Any CPU.ActiveCfg = Debug|Any CPU
		{6EE27585-D2B6-4409-B4E4-A0F723F6B0D9}.Debug|Any CPU.Build.0 = Debug|Any CPU
		{6EE27585-D2B6-4409-B4E4-A0F723F6B0D9}.Release|Any CPU.ActiveCfg = Release|Any CPU
		{6EE27585-D2B6-4409-B4E4-A0F723F6B0D9}.Release|Any CPU.Build.0 = Release|Any CPU
		{13DD8DFB-FFC7-4A99-982C-B3905DDCE741}.Debug|Any CPU.ActiveCfg = Debug|Any CPU
		{13DD8DFB-FFC7-4A99-982C-B3905DDCE741}.Debug|Any CPU.Build.0 = Debug|Any CPU
		{13DD8DFB-FFC7-4A99-982C-B3905DDCE741}.Release|Any CPU.ActiveCfg = Release|Any CPU
		{13DD8DFB-FFC7-4A99-982C-B3905DDCE741}.Release|Any CPU.Build.0 = Release|Any CPU
		{8555AA7B-746B-4F3C-B391-4FD54965535C}.Debug|Any CPU.ActiveCfg = Debug|Any CPU
		{8555AA7B-746B-4F3C-B391-4FD54965535C}.Debug|Any CPU.Build.0 = Debug|Any CPU
		{8555AA7B-746B-4F3C-B391-4FD54965535C}.Release|Any CPU.ActiveCfg = Release|Any CPU
		{8555AA7B-746B-4F3C-B391-4FD54965535C}.Release|Any CPU.Build.0 = Release|Any CPU
	EndGlobalSection
EndGlobal
